
Microsoft Visual Studio Solution File, Format Version 12.00
# Visual Studio Version 17
VisualStudioVersion = 17.0.31903.59
MinimumVisualStudioVersion = 10.0.40219.1
Project("{FAE04EC0-301F-11D3-BF4B-00C04F79EFBC}") = "API", "API\API.csproj", "{E8CE7FDE-14BA-4D65-92DD-1274AE38DCD9}"
EndProject
Project("{FAE04EC0-301F-11D3-BF4B-00C04F79EFBC}") = "Application", "Application\Application.csproj", "{A5406294-C81E-45D0-A1F7-D0D093424EBB}"
EndProject
Project("{FAE04EC0-301F-11D3-BF4B-00C04F79EFBC}") = "Domain", "Domain\Domain.csproj", "{2290A35D-63A1-42D6-B0DD-DB43182E53E6}"
EndProject
Project("{FAE04EC0-301F-11D3-BF4B-00C04F79EFBC}") = "Persistence", "Persistence\Persistence.csproj", "{DB9AF0CC-A351-4F28-B832-60B195411838}"
EndProject
Global
	GlobalSection(SolutionConfigurationPlatforms) = preSolution
		Debug|Any CPU = Debug|Any CPU
		Release|Any CPU = Release|Any CPU
	EndGlobalSection
	GlobalSection(SolutionProperties) = preSolution
		HideSolutionNode = FALSE
	EndGlobalSection
	GlobalSection(ProjectConfigurationPlatforms) = postSolution
		{E8CE7FDE-14BA-4D65-92DD-1274AE38DCD9}.Debug|Any CPU.ActiveCfg = Debug|Any CPU
		{E8CE7FDE-14BA-4D65-92DD-1274AE38DCD9}.Debug|Any CPU.Build.0 = Debug|Any CPU
		{E8CE7FDE-14BA-4D65-92DD-1274AE38DCD9}.Release|Any CPU.ActiveCfg = Release|Any CPU
		{E8CE7FDE-14BA-4D65-92DD-1274AE38DCD9}.Release|Any CPU.Build.0 = Release|Any CPU
		{A5406294-C81E-45D0-A1F7-D0D093424EBB}.Debug|Any CPU.ActiveCfg = Debug|Any CPU
		{A5406294-C81E-45D0-A1F7-D0D093424EBB}.Debug|Any CPU.Build.0 = Debug|Any CPU
		{A5406294-C81E-45D0-A1F7-D0D093424EBB}.Release|Any CPU.ActiveCfg = Release|Any CPU
		{A5406294-C81E-45D0-A1F7-D0D093424EBB}.Release|Any CPU.Build.0 = Release|Any CPU
		{2290A35D-63A1-42D6-B0DD-DB43182E53E6}.Debug|Any CPU.ActiveCfg = Debug|Any CPU
		{2290A35D-63A1-42D6-B0DD-DB43182E53E6}.Debug|Any CPU.Build.0 = Debug|Any CPU
		{2290A35D-63A1-42D6-B0DD-DB43182E53E6}.Release|Any CPU.ActiveCfg = Release|Any CPU
		{2290A35D-63A1-42D6-B0DD-DB43182E53E6}.Release|Any CPU.Build.0 = Release|Any CPU
		{DB9AF0CC-A351-4F28-B832-60B195411838}.Debug|Any CPU.ActiveCfg = Debug|Any CPU
		{DB9AF0CC-A351-4F28-B832-60B195411838}.Debug|Any CPU.Build.0 = Debug|Any CPU
		{DB9AF0CC-A351-4F28-B832-60B195411838}.Release|Any CPU.ActiveCfg = Release|Any CPU
		{DB9AF0CC-A351-4F28-B832-60B195411838}.Release|Any CPU.Build.0 = Release|Any CPU
	EndGlobalSection
EndGlobal
